// !$*UTF8*$!
{
	archiveVersion = 1;
	classes = {
	};
	objectVersion = 46;
	objects = {

/* Begin PBXBuildFile section */
		4230868D1B36376100956D32 /* AppDelegate.swift in Sources */ = {isa = PBXBuildFile; fileRef = 4230868C1B36376100956D32 /* AppDelegate.swift */; };
		4230868F1B36376100956D32 /* ViewController.swift in Sources */ = {isa = PBXBuildFile; fileRef = 4230868E1B36376100956D32 /* ViewController.swift */; };
		423086921B36376100956D32 /* Main.storyboard in Resources */ = {isa = PBXBuildFile; fileRef = 423086901B36376100956D32 /* Main.storyboard */; };
		423086941B36376100956D32 /* Images.xcassets in Resources */ = {isa = PBXBuildFile; fileRef = 423086931B36376100956D32 /* Images.xcassets */; };
		423086971B36376100956D32 /* LaunchScreen.xib in Resources */ = {isa = PBXBuildFile; fileRef = 423086951B36376100956D32 /* LaunchScreen.xib */; };
		423086A31B36376100956D32 /* Hello_WorldTests.swift in Sources */ = {isa = PBXBuildFile; fileRef = 423086A21B36376100956D32 /* Hello_WorldTests.swift */; };
/* End PBXBuildFile section */

/* Begin PBXContainerItemProxy section */
		4230869D1B36376100956D32 /* PBXContainerItemProxy */ = {
			isa = PBXContainerItemProxy;
			containerPortal = 4230867F1B36376100956D32 /* Project object */;
			proxyType = 1;
			remoteGlobalIDString = 423086861B36376100956D32;
			remoteInfo = "Hello World";
		};
/* End PBXContainerItemProxy section */

/* Begin PBXFileReference section */
		423086871B36376100956D32 /* Hello World.app */ = {isa = PBXFileReference; explicitFileType = wrapper.application; includeInIndex = 0; path = "Hello World.app"; sourceTree = BUILT_PRODUCTS_DIR; };
		4230868B1B36376100956D32 /* Info.plist */ = {isa = PBXFileReference; lastKnownFileType = text.plist.xml; path = Info.plist; sourceTree = "<group>"; };
		4230868C1B36376100956D32 /* AppDelegate.swift */ = {isa = PBXFileReference; lastKnownFileType = sourcecode.swift; path = AppDelegate.swift; sourceTree = "<group>"; };
		4230868E1B36376100956D32 /* ViewController.swift */ = {isa = PBXFileReference; lastKnownFileType = sourcecode.swift; path = ViewController.swift; sourceTree = "<group>"; };
		423086911B36376100956D32 /* Base */ = {isa = PBXFileReference; lastKnownFileType = file.storyboard; name = Base; path = Base.lproj/Main.storyboard; sourceTree = "<group>"; };
		423086931B36376100956D32 /* Images.xcassets */ = {isa = PBXFileReference; lastKnownFileType = folder.assetcatalog; path = Images.xcassets; sourceTree = "<group>"; };
		423086961B36376100956D32 /* Base */ = {isa = PBXFileReference; lastKnownFileType = file.xib; name = Base; path = Base.lproj/LaunchScreen.xib; sourceTree = "<group>"; };
		4230869C1B36376100956D32 /* Hello WorldTests.xctest */ = {isa = PBXFileReference; explicitFileType = wrapper.cfbundle; includeInIndex = 0; path = "Hello WorldTests.xctest"; sourceTree = BUILT_PRODUCTS_DIR; };
		423086A11B36376100956D32 /* Info.plist */ = {isa = PBXFileReference; lastKnownFileType = text.plist.xml; path = Info.plist; sourceTree = "<group>"; };
		423086A21B36376100956D32 /* Hello_WorldTests.swift */ = {isa = PBXFileReference; lastKnownFileType = sourcecode.swift; path = Hello_WorldTests.swift; sourceTree = "<group>"; };
/* End PBXFileReference section */

/* Begin PBXFrameworksBuildPhase section */
		423086841B36376100956D32 /* Frameworks */ = {
			isa = PBXFrameworksBuildPhase;
			buildActionMask = 2147483647;
			files = (
			);
			runOnlyForDeploymentPostprocessing = 0;
		};
		423086991B36376100956D32 /* Frameworks */ = {
			isa = PBXFrameworksBuildPhase;
			buildActionMask = 2147483647;
			files = (
			);
			runOnlyForDeploymentPostprocessing = 0;
		};
/* End PBXFrameworksBuildPhase section */

/* Begin PBXGroup section */
		4230867E1B36376100956D32 = {
			isa = PBXGroup;
			children = (
				423086891B36376100956D32 /* Hello World */,
				4230869F1B36376100956D32 /* Hello WorldTests */,
				423086881B36376100956D32 /* Products */,
			);
			sourceTree = "<group>";
		};
		423086881B36376100956D32 /* Products */ = {
			isa = PBXGroup;
			children = (
				423086871B36376100956D32 /* Hello World.app */,
				4230869C1B36376100956D32 /* Hello WorldTests.xctest */,
			);
			name = Products;
			sourceTree = "<group>";
		};
		423086891B36376100956D32 /* Hello World */ = {
			isa = PBXGroup;
			children = (
				4230868C1B36376100956D32 /* AppDelegate.swift */,
				4230868E1B36376100956D32 /* ViewController.swift */,
				423086901B36376100956D32 /* Main.storyboard */,
				423086931B36376100956D32 /* Images.xcassets */,
				423086951B36376100956D32 /* LaunchScreen.xib */,
				4230868A1B36376100956D32 /* Supporting Files */,
			);
			path = "Hello World";
			sourceTree = "<group>";
		};
		4230868A1B36376100956D32 /* Supporting Files */ = {
			isa = PBXGroup;
			children = (
				4230868B1B36376100956D32 /* Info.plist */,
			);
			name = "Supporting Files";
			sourceTree = "<group>";
		};
		4230869F1B36376100956D32 /* Hello WorldTests */ = {
			isa = PBXGroup;
			children = (
				423086A21B36376100956D32 /* Hello_WorldTests.swift */,
				423086A01B36376100956D32 /* Supporting Files */,
			);
			path = "Hello WorldTests";
			sourceTree = "<group>";
		};
		423086A01B36376100956D32 /* Supporting Files */ = {
			isa = PBXGroup;
			children = (
				423086A11B36376100956D32 /* Info.plist */,
			);
			name = "Supporting Files";
			sourceTree = "<group>";
		};
/* End PBXGroup section */

/* Begin PBXNativeTarget section */
		423086861B36376100956D32 /* Hello World */ = {
			isa = PBXNativeTarget;
			buildConfigurationList = 423086A61B36376100956D32 /* Build configuration list for PBXNativeTarget "Hello World" */;
			buildPhases = (
				423086831B36376100956D32 /* Sources */,
				423086841B36376100956D32 /* Frameworks */,
				423086851B36376100956D32 /* Resources */,
			);
			buildRules = (
			);
			dependencies = (
			);
			name = "Hello World";
			productName = "Hello World";
			productReference = 423086871B36376100956D32 /* Hello World.app */;
			productType = "com.apple.product-type.application";
		};
		4230869B1B36376100956D32 /* Hello WorldTests */ = {
			isa = PBXNativeTarget;
			buildConfigurationList = 423086A91B36376100956D32 /* Build configuration list for PBXNativeTarget "Hello WorldTests" */;
			buildPhases = (
				423086981B36376100956D32 /* Sources */,
				423086991B36376100956D32 /* Frameworks */,
				4230869A1B36376100956D32 /* Resources */,
			);
			buildRules = (
			);
			dependencies = (
				4230869E1B36376100956D32 /* PBXTargetDependency */,
			);
			name = "Hello WorldTests";
			productName = "Hello WorldTests";
			productReference = 4230869C1B36376100956D32 /* Hello WorldTests.xctest */;
			productType = "com.apple.product-type.bundle.unit-test";
		};
/* End PBXNativeTarget section */

/* Begin PBXProject section */
		4230867F1B36376100956D32 /* Project object */ = {
			isa = PBXProject;
			attributes = {
				LastUpgradeCheck = 0630;
				ORGANIZATIONNAME = MAEDAHAJIME;
				TargetAttributes = {
					423086861B36376100956D32 = {
						CreatedOnToolsVersion = 6.3.2;
					};
					4230869B1B36376100956D32 = {
						CreatedOnToolsVersion = 6.3.2;
						TestTargetID = 423086861B36376100956D32;
					};
				};
			};
			buildConfigurationList = 423086821B36376100956D32 /* Build configuration list for PBXProject "Hello World" */;
			compatibilityVersion = "Xcode 3.2";
			developmentRegion = English;
			hasScannedForEncodings = 0;
			knownRegions = (
				en,
				Base,
			);
			mainGroup = 4230867E1B36376100956D32;
			productRefGroup = 423086881B36376100956D32 /* Products */;
			projectDirPath = "";
			projectRoot = "";
			targets = (
				423086861B36376100956D32 /* Hello World */,
				4230869B1B36376100956D32 /* Hello WorldTests */,
			);
		};
/* End PBXProject section */

/* Begin PBXResourcesBuildPhase section */
		423086851B36376100956D32 /* Resources */ = {
			isa = PBXResourcesBuildPhase;
			buildActionMask = 2147483647;
			files = (
				423086921B36376100956D32 /* Main.storyboard in Resources */,
				423086971B36376100956D32 /* LaunchScreen.xib in Resources */,
				423086941B36376100956D32 /* Images.xcassets in Resources */,
			);
			runOnlyForDeploymentPostprocessing = 0;
		};
		4230869A1B36376100956D32 /* Resources */ = {
			isa = PBXResourcesBuildPhase;
			buildActionMask = 2147483647;
			files = (
			);
			runOnlyForDeploymentPostprocessing = 0;
		};
/* End PBXResourcesBuildPhase section */

/* Begin PBXSourcesBuildPhase section */
		423086831B36376100956D32 /* Sources */ = {
			isa = PBXSourcesBuildPhase;
			buildActionMask = 2147483647;
			files = (
				4230868F1B36376100956D32 /* ViewController.swift in Sources */,
				4230868D1B36376100956D32 /* AppDelegate.swift in Sources */,
			);
			runOnlyForDeploymentPostprocessing = 0;
		};
		423086981B36376100956D32 /* Sources */ = {
			isa = PBXSourcesBuildPhase;
			buildActionMask = 2147483647;
			files = (
				423086A31B36376100956D32 /* Hello_WorldTests.swift in Sources */,
			);
			runOnlyForDeploymentPostprocessing = 0;
		};
/* End PBXSourcesBuildPhase section */

/* Begin PBXTargetDependency section */
		4230869E1B36376100956D32 /* PBXTargetDependency */ = {
			isa = PBXTargetDependency;
			target = 423086861B36376100956D32 /* Hello World */;
			targetProxy = 4230869D1B36376100956D32 /* PBXContainerItemProxy */;
		};
/* End PBXTargetDependency section */

/* Begin PBXVariantGroup section */
		423086901B36376100956D32 /* Main.storyboard */ = {
			isa = PBXVariantGroup;
			children = (
				423086911B36376100956D32 /* Base */,
			);
			name = Main.storyboard;
			sourceTree = "<group>";
		};
		423086951B36376100956D32 /* LaunchScreen.xib */ = {
			isa = PBXVariantGroup;
			children = (
				423086961B36376100956D32 /* Base */,
			);
			name = LaunchScreen.xib;
			sourceTree = "<group>";
		};
/* End PBXVariantGroup section */

/* Begin XCBuildConfiguration section */
		423086A41B36376100956D32 /* Debug */ = {
			isa = XCBuildConfiguration;
			buildSettings = {
				ALWAYS_SEARCH_USER_PATHS = NO;
				CLANG_CXX_LANGUAGE_STANDARD = "gnu++0x";
				CLANG_CXX_LIBRARY = "libc++";
				CLANG_ENABLE_MODULES = YES;
				CLANG_ENABLE_OBJC_ARC = YES;
				CLANG_WARN_BOOL_CONVERSION = YES;
				CLANG_WARN_CONSTANT_CONVERSION = YES;
				CLANG_WARN_DIRECT_OBJC_ISA_USAGE = YES_ERROR;
				CLANG_WARN_EMPTY_BODY = YES;
				CLANG_WARN_ENUM_CONVERSION = YES;
				CLANG_WARN_INT_CONVERSION = YES;
				CLANG_WARN_OBJC_ROOT_CLASS = YES_ERROR;
				CLANG_WARN_UNREACHABLE_CODE = YES;
				CLANG_WARN__DUPLICATE_METHOD_MATCH = YES;
				"CODE_SIGN_IDENTITY[sdk=iphoneos*]" = "iPhone Developer";
				COPY_PHASE_STRIP = NO;
				DEBUG_INFORMATION_FORMAT = "dwarf-with-dsym";
				ENABLE_STRICT_OBJC_MSGSEND = YES;
				GCC_C_LANGUAGE_STANDARD = gnu99;
				GCC_DYNAMIC_NO_PIC = NO;
				GCC_NO_COMMON_BLOCKS = YES;
				GCC_OPTIMIZATION_LEVEL = 0;
				GCC_PREPROCESSOR_DEFINITIONS = (
					"DEBUG=1",
					"$(inherited)",
				);
				GCC_SYMBOLS_PRIVATE_EXTERN = NO;
				GCC_WARN_64_TO_32_BIT_CONVERSION = YES;
				GCC_WARN_ABOUT_RETURN_TYPE = YES_ERROR;
				GCC_WARN_UNDECLARED_SELECTOR = YES;
				GCC_WARN_UNINITIALIZED_AUTOS = YES_AGGRESSIVE;
				GCC_WARN_UNUSED_FUNCTION = YES;
				GCC_WARN_UNUSED_VARIABLE = YES;
				IPHONEOS_DEPLOYMENT_TARGET = 8.3;
				MTL_ENABLE_DEBUG_INFO = YES;
				ONLY_ACTIVE_ARCH = YES;
				SDKROOT = iphoneos;
				SWIFT_OPTIMIZATION_LEVEL = "-Onone";
			};
			name = Debug;
		};
		423086A51B36376100956D32 /* Release */ = {
			isa = XCBuildConfiguration;
			buildSettings = {
				ALWAYS_SEARCH_USER_PATHS = NO;
				CLANG_CXX_LANGUAGE_STANDARD = "gnu++0x";
				CLANG_CXX_LIBRARY = "libc++";
				CLANG_ENABLE_MODULES = YES;
				CLANG_ENABLE_OBJC_ARC = YES;
				CLANG_WARN_BOOL_CONVERSION = YES;
				CLANG_WARN_CONSTANT_CONVERSION = YES;
				CLANG_WARN_DIRECT_OBJC_ISA_USAGE = YES_ERROR;
				CLANG_WARN_EMPTY_BODY = YES;
				CLANG_WARN_ENUM_CONVERSION = YES;
				CLANG_WARN_INT_CONVERSION = YES;
				CLANG_WARN_OBJC_ROOT_CLASS = YES_ERROR;
				CLANG_WARN_UNREACHABLE_CODE = YES;
				CLANG_WARN__DUPLICATE_METHOD_MATCH = YES;
				"CODE_SIGN_IDENTITY[sdk=iphoneos*]" = "iPhone Developer";
				COPY_PHASE_STRIP = NO;
				DEBUG_INFORMATION_FORMAT = "dwarf-with-dsym";
				ENABLE_NS_ASSERTIONS = NO;
				ENABLE_STRICT_OBJC_MSGSEND = YES;
				GCC_C_LANGUAGE_STANDARD = gnu99;
				GCC_NO_COMMON_BLOCKS = YES;
				GCC_WARN_64_TO_32_BIT_CONVERSION = YES;
				GCC_WARN_ABOUT_RETURN_TYPE = YES_ERROR;
				GCC_WARN_UNDECLARED_SELECTOR = YES;
				GCC_WARN_UNINITIALIZED_AUTOS = YES_AGGRESSIVE;
				GCC_WARN_UNUSED_FUNCTION = YES;
				GCC_WARN_UNUSED_VARIABLE = YES;
				IPHONEOS_DEPLOYMENT_TARGET = 8.3;
				MTL_ENABLE_DEBUG_INFO = NO;
				SDKROOT = iphoneos;
				VALIDATE_PRODUCT = YES;
			};
			name = Release;
		};
		423086A71B36376100956D32 /* Debug */ = {
			isa = XCBuildConfiguration;
			buildSettings = {
				ASSETCATALOG_COMPILER_APPICON_NAME = AppIcon;
				INFOPLIST_FILE = "Hello World/Info.plist";
				LD_RUNPATH_SEARCH_PATHS = "$(inherited) @executable_path/Frameworks";
				PRODUCT_NAME = "$(TARGET_NAME)";
			};
			name = Debug;
		};
		423086A81B36376100956D32 /* Release */ = {
			isa = XCBuildConfiguration;
			buildSettings = {
				ASSETCATALOG_COMPILER_APPICON_NAME = AppIcon;
				INFOPLIST_FILE = "Hello World/Info.plist";
				LD_RUNPATH_SEARCH_PATHS = "$(inherited) @executable_path/Frameworks";
				PRODUCT_NAME = "$(TARGET_NAME)";
			};
			name = Release;
		};
		423086AA1B36376100956D32 /* Debug */ = {
			isa = XCBuildConfiguration;
			buildSettings = {
				BUNDLE_LOADER = "$(TEST_HOST)";
				FRAMEWORK_SEARCH_PATHS = (
					"$(SDKROOT)/Developer/Library/Frameworks",
					"$(inherited)",
				);
				GCC_PREPROCESSOR_DEFINITIONS = (
					"DEBUG=1",
					"$(inherited)",
				);
				INFOPLIST_FILE = "Hello WorldTests/Info.plist";
				LD_RUNPATH_SEARCH_PATHS = "$(inherited) @executable_path/Frameworks @loader_path/Frameworks";
				PRODUCT_NAME = "$(TARGET_NAME)";
				TEST_HOST = "$(BUILT_PRODUCTS_DIR)/Hello World.app/Hello World";
			};
			name = Debug;
		};
		423086AB1B36376100956D32 /* Release */ = {
			isa = XCBuildConfiguration;
			buildSettings = {
				BUNDLE_LOADER = "$(TEST_HOST)";
				FRAMEWORK_SEARCH_PATHS = (
					"$(SDKROOT)/Developer/Library/Frameworks",
					"$(inherited)",
				);
				INFOPLIST_FILE = "Hello WorldTests/Info.plist";
				LD_RUNPATH_SEARCH_PATHS = "$(inherited) @executable_path/Frameworks @loader_path/Frameworks";
				PRODUCT_NAME = "$(TARGET_NAME)";
				TEST_HOST = "$(BUILT_PRODUCTS_DIR)/Hello World.app/Hello World";
			};
			name = Release;
		};
/* End XCBuildConfiguration section */

/* Begin XCConfigurationList section */
		423086821B36376100956D32 /* Build configuration list for PBXProject "Hello World" */ = {
			isa = XCConfigurationList;
			buildConfigurations = (
				423086A41B36376100956D32 /* Debug */,
				423086A51B36376100956D32 /* Release */,
			);
			defaultConfigurationIsVisible = 0;
			defaultConfigurationName = Release;
		};
		423086A61B36376100956D32 /* Build configuration list for PBXNativeTarget "Hello World" */ = {
			isa = XCConfigurationList;
			buildConfigurations = (
				423086A71B36376100956D32 /* Debug */,
				423086A81B36376100956D32 /* Release */,
			);
			defaultConfigurationIsVisible = 0;
		};
		423086A91B36376100956D32 /* Build configuration list for PBXNativeTarget "Hello WorldTests" */ = {
			isa = XCConfigurationList;
			buildConfigurations = (
				423086AA1B36376100956D32 /* Debug */,
				423086AB1B36376100956D32 /* Release */,
			);
			defaultConfigurationIsVisible = 0;
		};
/* End XCConfigurationList section */
	};
	rootObject = 4230867F1B36376100956D32 /* Project object */;
}
